<?xml version="1.0" encoding="utf-8"?>
<Project ToolsVersion="4.0" xmlns="http://schemas.microsoft.com/developer/msbuild/2003">
  <ItemGroup>
    <Filter Include="Source Files">
      <UniqueIdentifier>{4FC737F1-C7A5-4376-A066-2A32D752A2FF}</UniqueIdentifier>
      <Extensions>cpp;c;cc;cxx;def;odl;idl;hpj;bat;asm;asmx</Extensions>
    </Filter>
    <Filter Include="Header Files">
      <UniqueIdentifier>{93995380-89BD-4b04-88EB-625FBE52EBFB}</UniqueIdentifier>
      <Extensions>h;hpp;hxx;hm;inl;inc;xsd</Extensions>
    </Filter>
    <Filter Include="Resource Files">
      <UniqueIdentifier>{67DA6AB6-F800-4c08-8B7A-83BB121AAD01}</UniqueIdentifier>
      <Extensions>rc;ico;cur;bmp;dlg;rc2;rct;bin;rgs;gif;jpg;jpeg;jpe;resx;tiff;tif;png;wav;mfcribbon-ms</Extensions>
    </Filter>
    <Filter Include="Source Files\webrtc">
      <UniqueIdentifier>{c5d99fd7-35c6-4235-bbff-40505c2bfd7e}</UniqueIdentifier>
    </Filter>
    <Filter Include="Header Files\webrtc">
      <UniqueIdentifier>{2396cade-ef9d-449b-adb6-a056df54b524}</UniqueIdentifier>
    </Filter>
    <Filter Include="Header Files\utils">
      <UniqueIdentifier>{7ee4aac3-4ade-482c-af27-3a96e10c4c54}</UniqueIdentifier>
    </Filter>
    <Filter Include="Source Files\utils">
      <UniqueIdentifier>{3cf179e3-14f7-4890-8a5d-96c7520c717b}</UniqueIdentifier>
    </Filter>
    <Filter Include="Header Files\eventsystem">
      <UniqueIdentifier>{05d71075-517e-4c1d-8ea8-b3a52eebc569}</UniqueIdentifier>
    </Filter>
    <Filter Include="Source Files\eventsystem">
      <UniqueIdentifier>{f34fca6e-9b96-4e20-957c-0938c425b39f}</UniqueIdentifier>
    </Filter>
  </ItemGroup>
  <ItemGroup>
    <None Include="ReadMe.txt" />
  </ItemGroup>
  <ItemGroup>
    <ClInclude Include="stdafx.h">
      <Filter>Header Files</Filter>
    </ClInclude>
    <ClInclude Include="targetver.h">
      <Filter>Header Files</Filter>
    </ClInclude>
    <ClInclude Include="webrtc\system_wrappers\interface\aligned_malloc.h">
      <Filter>Header Files\webrtc</Filter>
    </ClInclude>
    <ClInclude Include="webrtc\system_wrappers\source\unittest_utilities.h">
      <Filter>Header Files\webrtc</Filter>
    </ClInclude>
    <ClInclude Include="webrtc\system_wrappers\interface\asm_defines.h">
      <Filter>Header Files\webrtc</Filter>
    </ClInclude>
    <ClInclude Include="webrtc\system_wrappers\interface\atomic32.h">
      <Filter>Header Files\webrtc</Filter>
    </ClInclude>
    <ClInclude Include="webrtc\system_wrappers\interface\clock.h">
      <Filter>Header Files\webrtc</Filter>
    </ClInclude>
    <ClInclude Include="webrtc\common.h">
      <Filter>Header Files\webrtc</Filter>
    </ClInclude>
    <ClInclude Include="webrtc\common_types.h">
      <Filter>Header Files\webrtc</Filter>
    </ClInclude>
    <ClInclude Include="webrtc\system_wrappers\interface\compile_assert.h">
      <Filter>Header Files\webrtc</Filter>
    </ClInclude>
    <ClInclude Include="webrtc\system_wrappers\interface\compile_assert_c.h">
      <Filter>Header Files\webrtc</Filter>
    </ClInclude>
    <ClInclude Include="webrtc\system_wrappers\source\condition_variable_event_win.h">
      <Filter>Header Files\webrtc</Filter>
    </ClInclude>
    <ClInclude Include="webrtc\system_wrappers\source\condition_variable_native_win.h">
      <Filter>Header Files\webrtc</Filter>
    </ClInclude>
    <ClInclude Include="webrtc\system_wrappers\interface\condition_variable_wrapper.h">
      <Filter>Header Files\webrtc</Filter>
    </ClInclude>
    <ClInclude Include="webrtc\system_wrappers\source\spreadsortlib\constants.hpp">
      <Filter>Header Files\webrtc</Filter>
    </ClInclude>
    <ClInclude Include="webrtc\system_wrappers\interface\constructor_magic.h">
      <Filter>Header Files\webrtc</Filter>
    </ClInclude>
    <ClInclude Include="webrtc\system_wrappers\source\android\cpu-features.h">
      <Filter>Header Files\webrtc</Filter>
    </ClInclude>
    <ClInclude Include="webrtc\system_wrappers\interface\cpu_features_wrapper.h">
      <Filter>Header Files\webrtc</Filter>
    </ClInclude>
    <ClInclude Include="webrtc\system_wrappers\interface\cpu_info.h">
      <Filter>Header Files\webrtc</Filter>
    </ClInclude>
    <ClInclude Include="webrtc\system_wrappers\source\critical_section_win.h">
      <Filter>Header Files\webrtc</Filter>
    </ClInclude>
    <ClInclude Include="webrtc\system_wrappers\interface\critical_section_wrapper.h">
      <Filter>Header Files\webrtc</Filter>
    </ClInclude>
    <ClInclude Include="webrtc\system_wrappers\interface\data_log.h">
      <Filter>Header Files\webrtc</Filter>
    </ClInclude>
    <ClInclude Include="webrtc\system_wrappers\interface\data_log_c.h">
      <Filter>Header Files\webrtc</Filter>
    </ClInclude>
    <ClInclude Include="webrtc\system_wrappers\source\data_log_c_helpers_unittest.h">
      <Filter>Header Files\webrtc</Filter>
    </ClInclude>
    <ClInclude Include="webrtc\system_wrappers\interface\data_log_impl.h">
      <Filter>Header Files\webrtc</Filter>
    </ClInclude>
    <ClInclude Include="webrtc\system_wrappers\interface\event_tracer.h">
      <Filter>Header Files\webrtc</Filter>
    </ClInclude>
    <ClInclude Include="webrtc\system_wrappers\source\event_win.h">
      <Filter>Header Files\webrtc</Filter>
    </ClInclude>
    <ClInclude Include="webrtc\system_wrappers\interface\event_wrapper.h">
      <Filter>Header Files\webrtc</Filter>
    </ClInclude>
    <ClInclude Include="webrtc\system_wrappers\source\file_impl.h">
      <Filter>Header Files\webrtc</Filter>
    </ClInclude>
    <ClInclude Include="webrtc\system_wrappers\interface\file_wrapper.h">
      <Filter>Header Files\webrtc</Filter>
    </ClInclude>
    <ClInclude Include="webrtc\system_wrappers\interface\fix_interlocked_exchange_pointer_win.h">
      <Filter>Header Files\webrtc</Filter>
    </ClInclude>
    <ClInclude Include="webrtc\system_wrappers\source\list_no_stl.h">
      <Filter>Header Files\webrtc</Filter>
    </ClInclude>
    <ClInclude Include="webrtc\system_wrappers\source\list_stl.h">
      <Filter>Header Files\webrtc</Filter>
    </ClInclude>
    <ClInclude Include="webrtc\system_wrappers\interface\list_wrapper.h">
      <Filter>Header Files\webrtc</Filter>
    </ClInclude>
    <ClInclude Include="webrtc\system_wrappers\interface\logging.h">
      <Filter>Header Files\webrtc</Filter>
    </ClInclude>
    <ClInclude Include="webrtc\system_wrappers\source\move.h">
      <Filter>Header Files\webrtc</Filter>
    </ClInclude>
    <ClInclude Include="webrtc\system_wrappers\interface\ref_count.h">
      <Filter>Header Files\webrtc</Filter>
    </ClInclude>
    <ClInclude Include="webrtc\system_wrappers\source\rw_lock_generic.h">
      <Filter>Header Files\webrtc</Filter>
    </ClInclude>
    <ClInclude Include="webrtc\system_wrappers\source\rw_lock_win.h">
      <Filter>Header Files\webrtc</Filter>
    </ClInclude>
    <ClInclude Include="webrtc\system_wrappers\interface\rw_lock_wrapper.h">
      <Filter>Header Files\webrtc</Filter>
    </ClInclude>
    <ClInclude Include="webrtc\system_wrappers\interface\scoped_ptr.h">
      <Filter>Header Files\webrtc</Filter>
    </ClInclude>
    <ClInclude Include="webrtc\system_wrappers\interface\scoped_refptr.h">
      <Filter>Header Files\webrtc</Filter>
    </ClInclude>
    <ClInclude Include="webrtc\system_wrappers\source\set_thread_name_win.h">
      <Filter>Header Files\webrtc</Filter>
    </ClInclude>
    <ClInclude Include="webrtc\system_wrappers\interface\sleep.h">
      <Filter>Header Files\webrtc</Filter>
    </ClInclude>
    <ClInclude Include="webrtc\system_wrappers\interface\sort.h">
      <Filter>Header Files\webrtc</Filter>
    </ClInclude>
    <ClInclude Include="webrtc\system_wrappers\source\spreadsortlib\spreadsort.hpp">
      <Filter>Header Files\webrtc</Filter>
    </ClInclude>
    <ClInclude Include="webrtc\system_wrappers\interface\static_instance.h">
      <Filter>Header Files\webrtc</Filter>
    </ClInclude>
    <ClInclude Include="webrtc\system_wrappers\interface\stringize_macros.h">
      <Filter>Header Files\webrtc</Filter>
    </ClInclude>
    <ClInclude Include="webrtc\system_wrappers\interface\template_util.h">
      <Filter>Header Files\webrtc</Filter>
    </ClInclude>
    <ClInclude Include="webrtc\system_wrappers\source\thread_win.h">
      <Filter>Header Files\webrtc</Filter>
    </ClInclude>
    <ClInclude Include="webrtc\system_wrappers\interface\thread_wrapper.h">
      <Filter>Header Files\webrtc</Filter>
    </ClInclude>
    <ClInclude Include="webrtc\system_wrappers\interface\tick_util.h">
      <Filter>Header Files\webrtc</Filter>
    </ClInclude>
    <ClInclude Include="webrtc\system_wrappers\interface\trace.h">
      <Filter>Header Files\webrtc</Filter>
    </ClInclude>
    <ClInclude Include="webrtc\system_wrappers\interface\trace_event.h">
      <Filter>Header Files\webrtc</Filter>
    </ClInclude>
    <ClInclude Include="webrtc\system_wrappers\source\trace_impl.h">
      <Filter>Header Files\webrtc</Filter>
    </ClInclude>
    <ClInclude Include="webrtc\system_wrappers\source\trace_win.h">
      <Filter>Header Files\webrtc</Filter>
    </ClInclude>
    <ClInclude Include="webrtc\typedefs.h">
      <Filter>Header Files\webrtc</Filter>
    </ClInclude>
    <ClInclude Include="utils\include\NetWorkUtils.h">
      <Filter>Header Files\utils</Filter>
    </ClInclude>
    <ClInclude Include="utils\include\StringUtils.h">
      <Filter>Header Files\utils</Filter>
    </ClInclude>
    <ClInclude Include="eventsystem\include\EventPublisher.h">
      <Filter>Header Files\eventsystem</Filter>
    </ClInclude>
    <ClInclude Include="eventsystem\include\Event.h">
      <Filter>Header Files\eventsystem</Filter>
    </ClInclude>
    <ClInclude Include="eventsystem\include\EventProcessor.h">
      <Filter>Header Files\eventsystem</Filter>
    </ClInclude>
  </ItemGroup>
  <ItemGroup>
    <ClCompile Include="stdafx.cpp">
      <Filter>Source Files</Filter>
    </ClCompile>
    <ClCompile Include="webrtc\system_wrappers\source\aligned_malloc.cc">
      <Filter>Source Files\webrtc</Filter>
    </ClCompile>
    <ClCompile Include="webrtc\system_wrappers\source\trace_win.cc">
      <Filter>Source Files\webrtc</Filter>
    </ClCompile>
    <ClCompile Include="webrtc\system_wrappers\source\atomic32_win.cc">
      <Filter>Source Files\webrtc</Filter>
    </ClCompile>
    <ClCompile Include="webrtc\system_wrappers\source\clock.cc">
      <Filter>Source Files\webrtc</Filter>
    </ClCompile>
    <ClCompile Include="webrtc\system_wrappers\source\condition_variable.cc">
      <Filter>Source Files\webrtc</Filter>
    </ClCompile>
    <ClCompile Include="webrtc\system_wrappers\source\condition_variable_event_win.cc">
      <Filter>Source Files\webrtc</Filter>
    </ClCompile>
    <ClCompile Include="webrtc\system_wrappers\source\condition_variable_native_win.cc">
      <Filter>Source Files\webrtc</Filter>
    </ClCompile>
    <ClCompile Include="webrtc\system_wrappers\source\cpu_features.cc">
      <Filter>Source Files\webrtc</Filter>
    </ClCompile>
    <ClCompile Include="webrtc\system_wrappers\source\cpu_info.cc">
      <Filter>Source Files\webrtc</Filter>
    </ClCompile>
    <ClCompile Include="webrtc\system_wrappers\source\critical_section.cc">
      <Filter>Source Files\webrtc</Filter>
    </ClCompile>
    <ClCompile Include="webrtc\system_wrappers\source\critical_section_win.cc">
      <Filter>Source Files\webrtc</Filter>
    </ClCompile>
    <ClCompile Include="webrtc\system_wrappers\source\data_log.cc">
      <Filter>Source Files\webrtc</Filter>
    </ClCompile>
    <ClCompile Include="webrtc\system_wrappers\source\data_log_c.cc">
      <Filter>Source Files\webrtc</Filter>
    </ClCompile>
    <ClCompile Include="webrtc\system_wrappers\source\data_log_no_op.cc">
      <Filter>Source Files\webrtc</Filter>
    </ClCompile>
    <ClCompile Include="webrtc\system_wrappers\source\event.cc">
      <Filter>Source Files\webrtc</Filter>
    </ClCompile>
    <ClCompile Include="webrtc\system_wrappers\source\event_tracer.cc">
      <Filter>Source Files\webrtc</Filter>
    </ClCompile>
    <ClCompile Include="webrtc\system_wrappers\source\event_win.cc">
      <Filter>Source Files\webrtc</Filter>
    </ClCompile>
    <ClCompile Include="webrtc\system_wrappers\source\file_impl.cc">
      <Filter>Source Files\webrtc</Filter>
    </ClCompile>
    <ClCompile Include="webrtc\system_wrappers\source\logging.cc">
      <Filter>Source Files\webrtc</Filter>
    </ClCompile>
    <ClCompile Include="webrtc\system_wrappers\source\rw_lock.cc">
      <Filter>Source Files\webrtc</Filter>
    </ClCompile>
    <ClCompile Include="webrtc\system_wrappers\source\rw_lock_generic.cc">
      <Filter>Source Files\webrtc</Filter>
    </ClCompile>
    <ClCompile Include="webrtc\system_wrappers\source\rw_lock_win.cc">
      <Filter>Source Files\webrtc</Filter>
    </ClCompile>
    <ClCompile Include="webrtc\system_wrappers\source\sleep.cc">
      <Filter>Source Files\webrtc</Filter>
    </ClCompile>
    <ClCompile Include="webrtc\system_wrappers\source\sort.cc">
      <Filter>Source Files\webrtc</Filter>
    </ClCompile>
    <ClCompile Include="webrtc\system_wrappers\source\thread.cc">
      <Filter>Source Files\webrtc</Filter>
    </ClCompile>
    <ClCompile Include="webrtc\system_wrappers\source\thread_win.cc">
      <Filter>Source Files\webrtc</Filter>
    </ClCompile>
    <ClCompile Include="webrtc\system_wrappers\source\tick_util.cc">
      <Filter>Source Files\webrtc</Filter>
    </ClCompile>
    <ClCompile Include="webrtc\system_wrappers\source\trace_impl.cc">
      <Filter>Source Files\webrtc</Filter>
    </ClCompile>
    <ClCompile Include="utils\source\NetWorkUtils.cpp">
      <Filter>Source Files\utils</Filter>
    </ClCompile>
    <ClCompile Include="utils\source\StringUtils.cpp">
      <Filter>Source Files\utils</Filter>
    </ClCompile>
    <ClCompile Include="eventsystem\source\EventPublisher.cpp">
      <Filter>Source Files\eventsystem</Filter>
    </ClCompile>
    <ClCompile Include="eventsystem\source\Event.cpp">
      <Filter>Source Files\eventsystem</Filter>
    </ClCompile>
    <ClCompile Include="eventsystem\source\EventProcessor.cpp">
      <Filter>Source Files\eventsystem</Filter>
    </ClCompile>
  </ItemGroup>
</Project>