Microsoft Visual Studio Solution File, Format Version 11.00
# Visual Studio 2010
Project("{2150E333-8FDC-42A3-9474-1A3956D46DE8}") = "(source)", "..\..\..\..\webrtc\system_wrappers\source", "{38B7683E-6F16-B5E1-5F7D-9D2F85A33684}"
EndProject
Project("{2150E333-8FDC-42A3-9474-1A3956D46DE8}") = "(system_wrappers)", "..\..\..\..\webrtc\system_wrappers", "{C22DCE09-BE8E-C79C-FFD0-C3927B546C91}"
EndProject
Project("{2150E333-8FDC-42A3-9474-1A3956D46DE8}") = "(test)", "..\..\..\..\webrtc\test", "{46835DB2-71BA-66C0-5A55-04D9E2C70AA8}"
EndProject
Project("{2150E333-8FDC-42A3-9474-1A3956D46DE8}") = "(testing)", "..\..\..\..\testing", "{EAC80D00-01D2-3F49-A377-20B7154947F3}"
EndProject
Project("{2150E333-8FDC-42A3-9474-1A3956D46DE8}") = "(third_party)", "..\..\..\..\third_party", "{89C816A7-DD31-D54C-C69C-5A80E0C49B77}"
EndProject
Project("{2150E333-8FDC-42A3-9474-1A3956D46DE8}") = "(webrtc)", "..\..\..\..\webrtc", "{FB3E20CC-9516-F7D2-EFF7-C27ABDCA54B9}"
EndProject
Project("{8BC9CEB8-8B4A-11D0-8D11-00A0C91BC942}") = "gflags", "..\..\..\third_party\gflags\gflags.vcxproj", "{14CF826F-D56C-D03E-B8BA-E829967AC8DB}"
EndProject
Project("{8BC9CEB8-8B4A-11D0-8D11-00A0C91BC942}") = "gmock", "..\..\..\testing\gmock.vcxproj", "{5F1AD362-0D1B-3B39-F015-4FB850C0E8CE}"
EndProject
Project("{8BC9CEB8-8B4A-11D0-8D11-00A0C91BC942}") = "gtest", "..\..\..\testing\gtest.vcxproj", "{463A5707-B73F-56BD-A37C-5AB8987E2896}"
	ProjectSection(ProjectDependencies) = postProject
		{822120F5-B3EB-7B15-A92E-6D10CBF5FA1A} = {822120F5-B3EB-7B15-A92E-6D10CBF5FA1A}
	EndProjectSection
EndProject
Project("{8BC9CEB8-8B4A-11D0-8D11-00A0C91BC942}") = "gtest_prod", "..\..\..\testing\gtest_prod.vcxproj", "{822120F5-B3EB-7B15-A92E-6D10CBF5FA1A}"
EndProject
Project("{8BC9CEB8-8B4A-11D0-8D11-00A0C91BC942}") = "system_wrappers", "system_wrappers.vcxproj", "{0308E328-158B-FFDE-71FE-DA9D30389914}"
EndProject
Project("{8BC9CEB8-8B4A-11D0-8D11-00A0C91BC942}") = "system_wrappers_unittests", "system_wrappers_unittests.vcxproj", "{34EDB0B0-3D79-75E0-8706-8912743ED606}"
	ProjectSection(ProjectDependencies) = postProject
		{463A5707-B73F-56BD-A37C-5AB8987E2896} = {463A5707-B73F-56BD-A37C-5AB8987E2896}
		{0308E328-158B-FFDE-71FE-DA9D30389914} = {0308E328-158B-FFDE-71FE-DA9D30389914}
		{2A0256D7-9489-3985-7BDF-3CF9C643D1F5} = {2A0256D7-9489-3985-7BDF-3CF9C643D1F5}
		{822120F5-B3EB-7B15-A92E-6D10CBF5FA1A} = {822120F5-B3EB-7B15-A92E-6D10CBF5FA1A}
		{95D1B28A-A388-2A38-9264-3CCF59924107} = {95D1B28A-A388-2A38-9264-3CCF59924107}
		{5F1AD362-0D1B-3B39-F015-4FB850C0E8CE} = {5F1AD362-0D1B-3B39-F015-4FB850C0E8CE}
		{14CF826F-D56C-D03E-B8BA-E829967AC8DB} = {14CF826F-D56C-D03E-B8BA-E829967AC8DB}
	EndProjectSection
EndProject
Project("{8BC9CEB8-8B4A-11D0-8D11-00A0C91BC942}") = "system_wrappers_unittests_run", "system_wrappers_unittests_run.vcxproj", "{03B77A9A-D174-86B2-7AA8-D092FF666243}"
	ProjectSection(ProjectDependencies) = postProject
		{34EDB0B0-3D79-75E0-8706-8912743ED606} = {34EDB0B0-3D79-75E0-8706-8912743ED606}
	EndProjectSection
EndProject
Project("{8BC9CEB8-8B4A-11D0-8D11-00A0C91BC942}") = "test_support", "..\..\test\test_support.vcxproj", "{95D1B28A-A388-2A38-9264-3CCF59924107}"
EndProject
Project("{8BC9CEB8-8B4A-11D0-8D11-00A0C91BC942}") = "test_support_main", "..\..\test\test_support_main.vcxproj", "{2A0256D7-9489-3985-7BDF-3CF9C643D1F5}"
EndProject
Global
	GlobalSection(SolutionConfigurationPlatforms) = preSolution
		Debug|x64 = Debug|x64
		Debug|Win32 = Debug|Win32
		Release|x64 = Release|x64
		Release|Win32 = Release|Win32
	EndGlobalSection
	GlobalSection(ProjectConfigurationPlatforms) = postSolution
		{0308E328-158B-FFDE-71FE-DA9D30389914}.Debug|x64.ActiveCfg = Debug|x64
		{0308E328-158B-FFDE-71FE-DA9D30389914}.Debug|x64.Build.0 = Debug|x64
		{0308E328-158B-FFDE-71FE-DA9D30389914}.Debug|Win32.ActiveCfg = Debug|Win32
		{0308E328-158B-FFDE-71FE-DA9D30389914}.Debug|Win32.Build.0 = Debug|Win32
		{0308E328-158B-FFDE-71FE-DA9D30389914}.Release|x64.ActiveCfg = Release|x64
		{0308E328-158B-FFDE-71FE-DA9D30389914}.Release|x64.Build.0 = Release|x64
		{0308E328-158B-FFDE-71FE-DA9D30389914}.Release|Win32.ActiveCfg = Release|Win32
		{0308E328-158B-FFDE-71FE-DA9D30389914}.Release|Win32.Build.0 = Release|Win32
		{03B77A9A-D174-86B2-7AA8-D092FF666243}.Debug|x64.ActiveCfg = Debug|x64
		{03B77A9A-D174-86B2-7AA8-D092FF666243}.Debug|x64.Build.0 = Debug|x64
		{03B77A9A-D174-86B2-7AA8-D092FF666243}.Debug|Win32.ActiveCfg = Debug|Win32
		{03B77A9A-D174-86B2-7AA8-D092FF666243}.Debug|Win32.Build.0 = Debug|Win32
		{03B77A9A-D174-86B2-7AA8-D092FF666243}.Release|x64.ActiveCfg = Release|x64
		{03B77A9A-D174-86B2-7AA8-D092FF666243}.Release|x64.Build.0 = Release|x64
		{03B77A9A-D174-86B2-7AA8-D092FF666243}.Release|Win32.ActiveCfg = Release|Win32
		{03B77A9A-D174-86B2-7AA8-D092FF666243}.Release|Win32.Build.0 = Release|Win32
		{14CF826F-D56C-D03E-B8BA-E829967AC8DB}.Debug|x64.ActiveCfg = Debug|x64
		{14CF826F-D56C-D03E-B8BA-E829967AC8DB}.Debug|x64.Build.0 = Debug|x64
		{14CF826F-D56C-D03E-B8BA-E829967AC8DB}.Debug|Win32.ActiveCfg = Debug|Win32
		{14CF826F-D56C-D03E-B8BA-E829967AC8DB}.Debug|Win32.Build.0 = Debug|Win32
		{14CF826F-D56C-D03E-B8BA-E829967AC8DB}.Release|x64.ActiveCfg = Release|x64
		{14CF826F-D56C-D03E-B8BA-E829967AC8DB}.Release|x64.Build.0 = Release|x64
		{14CF826F-D56C-D03E-B8BA-E829967AC8DB}.Release|Win32.ActiveCfg = Release|Win32
		{14CF826F-D56C-D03E-B8BA-E829967AC8DB}.Release|Win32.Build.0 = Release|Win32
		{2A0256D7-9489-3985-7BDF-3CF9C643D1F5}.Debug|x64.ActiveCfg = Debug|x64
		{2A0256D7-9489-3985-7BDF-3CF9C643D1F5}.Debug|x64.Build.0 = Debug|x64
		{2A0256D7-9489-3985-7BDF-3CF9C643D1F5}.Debug|Win32.ActiveCfg = Debug|Win32
		{2A0256D7-9489-3985-7BDF-3CF9C643D1F5}.Debug|Win32.Build.0 = Debug|Win32
		{2A0256D7-9489-3985-7BDF-3CF9C643D1F5}.Release|x64.ActiveCfg = Release|x64
		{2A0256D7-9489-3985-7BDF-3CF9C643D1F5}.Release|x64.Build.0 = Release|x64
		{2A0256D7-9489-3985-7BDF-3CF9C643D1F5}.Release|Win32.ActiveCfg = Release|Win32
		{2A0256D7-9489-3985-7BDF-3CF9C643D1F5}.Release|Win32.Build.0 = Release|Win32
		{34EDB0B0-3D79-75E0-8706-8912743ED606}.Debug|x64.ActiveCfg = Debug|x64
		{34EDB0B0-3D79-75E0-8706-8912743ED606}.Debug|x64.Build.0 = Debug|x64
		{34EDB0B0-3D79-75E0-8706-8912743ED606}.Debug|Win32.ActiveCfg = Debug|Win32
		{34EDB0B0-3D79-75E0-8706-8912743ED606}.Debug|Win32.Build.0 = Debug|Win32
		{34EDB0B0-3D79-75E0-8706-8912743ED606}.Release|x64.ActiveCfg = Release|x64
		{34EDB0B0-3D79-75E0-8706-8912743ED606}.Release|x64.Build.0 = Release|x64
		{34EDB0B0-3D79-75E0-8706-8912743ED606}.Release|Win32.ActiveCfg = Release|Win32
		{34EDB0B0-3D79-75E0-8706-8912743ED606}.Release|Win32.Build.0 = Release|Win32
		{463A5707-B73F-56BD-A37C-5AB8987E2896}.Debug|x64.ActiveCfg = Debug|x64
		{463A5707-B73F-56BD-A37C-5AB8987E2896}.Debug|x64.Build.0 = Debug|x64
		{463A5707-B73F-56BD-A37C-5AB8987E2896}.Debug|Win32.ActiveCfg = Debug|Win32
		{463A5707-B73F-56BD-A37C-5AB8987E2896}.Debug|Win32.Build.0 = Debug|Win32
		{463A5707-B73F-56BD-A37C-5AB8987E2896}.Release|x64.ActiveCfg = Release|x64
		{463A5707-B73F-56BD-A37C-5AB8987E2896}.Release|x64.Build.0 = Release|x64
		{463A5707-B73F-56BD-A37C-5AB8987E2896}.Release|Win32.ActiveCfg = Release|Win32
		{463A5707-B73F-56BD-A37C-5AB8987E2896}.Release|Win32.Build.0 = Release|Win32
		{5F1AD362-0D1B-3B39-F015-4FB850C0E8CE}.Debug|x64.ActiveCfg = Debug|x64
		{5F1AD362-0D1B-3B39-F015-4FB850C0E8CE}.Debug|x64.Build.0 = Debug|x64
		{5F1AD362-0D1B-3B39-F015-4FB850C0E8CE}.Debug|Win32.ActiveCfg = Debug|Win32
		{5F1AD362-0D1B-3B39-F015-4FB850C0E8CE}.Debug|Win32.Build.0 = Debug|Win32
		{5F1AD362-0D1B-3B39-F015-4FB850C0E8CE}.Release|x64.ActiveCfg = Release|x64
		{5F1AD362-0D1B-3B39-F015-4FB850C0E8CE}.Release|x64.Build.0 = Release|x64
		{5F1AD362-0D1B-3B39-F015-4FB850C0E8CE}.Release|Win32.ActiveCfg = Release|Win32
		{5F1AD362-0D1B-3B39-F015-4FB850C0E8CE}.Release|Win32.Build.0 = Release|Win32
		{822120F5-B3EB-7B15-A92E-6D10CBF5FA1A}.Debug|x64.ActiveCfg = Debug|x64
		{822120F5-B3EB-7B15-A92E-6D10CBF5FA1A}.Debug|x64.Build.0 = Debug|x64
		{822120F5-B3EB-7B15-A92E-6D10CBF5FA1A}.Debug|Win32.ActiveCfg = Debug|Win32
		{822120F5-B3EB-7B15-A92E-6D10CBF5FA1A}.Debug|Win32.Build.0 = Debug|Win32
		{822120F5-B3EB-7B15-A92E-6D10CBF5FA1A}.Release|x64.ActiveCfg = Release|x64
		{822120F5-B3EB-7B15-A92E-6D10CBF5FA1A}.Release|x64.Build.0 = Release|x64
		{822120F5-B3EB-7B15-A92E-6D10CBF5FA1A}.Release|Win32.ActiveCfg = Release|Win32
		{822120F5-B3EB-7B15-A92E-6D10CBF5FA1A}.Release|Win32.Build.0 = Release|Win32
		{95D1B28A-A388-2A38-9264-3CCF59924107}.Debug|x64.ActiveCfg = Debug|x64
		{95D1B28A-A388-2A38-9264-3CCF59924107}.Debug|x64.Build.0 = Debug|x64
		{95D1B28A-A388-2A38-9264-3CCF59924107}.Debug|Win32.ActiveCfg = Debug|Win32
		{95D1B28A-A388-2A38-9264-3CCF59924107}.Debug|Win32.Build.0 = Debug|Win32
		{95D1B28A-A388-2A38-9264-3CCF59924107}.Release|x64.ActiveCfg = Release|x64
		{95D1B28A-A388-2A38-9264-3CCF59924107}.Release|x64.Build.0 = Release|x64
		{95D1B28A-A388-2A38-9264-3CCF59924107}.Release|Win32.ActiveCfg = Release|Win32
		{95D1B28A-A388-2A38-9264-3CCF59924107}.Release|Win32.Build.0 = Release|Win32
	EndGlobalSection
	GlobalSection(SolutionProperties) = preSolution
		HideSolutionNode = FALSE
	EndGlobalSection
	GlobalSection(NestedProjects) = preSolution
		{0308E328-158B-FFDE-71FE-DA9D30389914} = {38B7683E-6F16-B5E1-5F7D-9D2F85A33684}
		{34EDB0B0-3D79-75E0-8706-8912743ED606} = {38B7683E-6F16-B5E1-5F7D-9D2F85A33684}
		{03B77A9A-D174-86B2-7AA8-D092FF666243} = {38B7683E-6F16-B5E1-5F7D-9D2F85A33684}
		{38B7683E-6F16-B5E1-5F7D-9D2F85A33684} = {C22DCE09-BE8E-C79C-FFD0-C3927B546C91}
		{95D1B28A-A388-2A38-9264-3CCF59924107} = {46835DB2-71BA-66C0-5A55-04D9E2C70AA8}
		{2A0256D7-9489-3985-7BDF-3CF9C643D1F5} = {46835DB2-71BA-66C0-5A55-04D9E2C70AA8}
		{5F1AD362-0D1B-3B39-F015-4FB850C0E8CE} = {EAC80D00-01D2-3F49-A377-20B7154947F3}
		{463A5707-B73F-56BD-A37C-5AB8987E2896} = {EAC80D00-01D2-3F49-A377-20B7154947F3}
		{822120F5-B3EB-7B15-A92E-6D10CBF5FA1A} = {EAC80D00-01D2-3F49-A377-20B7154947F3}
		{14CF826F-D56C-D03E-B8BA-E829967AC8DB} = {89C816A7-DD31-D54C-C69C-5A80E0C49B77}
		{C22DCE09-BE8E-C79C-FFD0-C3927B546C91} = {FB3E20CC-9516-F7D2-EFF7-C27ABDCA54B9}
		{46835DB2-71BA-66C0-5A55-04D9E2C70AA8} = {FB3E20CC-9516-F7D2-EFF7-C27ABDCA54B9}
	EndGlobalSection
EndGlobal
